
Microsoft Visual Studio Solution File, Format Version 12.00
# Visual Studio Version 17
VisualStudioVersion = 17.6.33815.320
MinimumVisualStudioVersion = 10.0.40219.1
Project("{FAE04EC0-301F-11D3-BF4B-00C04F79EFBC}") = "GroupByCombinationToListDict", "GroupByCombinationToListDict\GroupByCombinationToListDict.csproj", "{52A03A05-380E-4EC0-89C5-C0E44BC78769}"
EndProject
Global
	GlobalSection(SolutionConfigurationPlatforms) = preSolution
		Debug|Any CPU = Debug|Any CPU
		Release|Any CPU = Release|Any CPU
	EndGlobalSection
	GlobalSection(ProjectConfigurationPlatforms) = postSolution
		{52A03A05-380E-4EC0-89C5-C0E44BC78769}.Debug|Any CPU.ActiveCfg = Debug|Any CPU
		{52A03A05-380E-4EC0-89C5-C0E44BC78769}.Debug|Any CPU.Build.0 = Debug|Any CPU
		{52A03A05-380E-4EC0-89C5-C0E44BC78769}.Release|Any CPU.ActiveCfg = Release|Any CPU
		{52A03A05-380E-4EC0-89C5-C0E44BC78769}.Release|Any CPU.Build.0 = Release|Any CPU
	EndGlobalSection
	GlobalSection(SolutionProperties) = preSolution
		HideSolutionNode = FALSE
	EndGlobalSection
	GlobalSection(ExtensibilityGlobals) = postSolution
		SolutionGuid = {D64750FD-BB1D-4B93-AF69-8D1742BDE19F}
	EndGlobalSection
EndGlobal
